
Microsoft Visual Studio Solution File, Format Version 12.00
# Visual Studio 14
VisualStudioVersion = 14.0.25420.1
MinimumVisualStudioVersion = 10.0.40219.1
Project("{FAE04EC0-301F-11D3-BF4B-00C04F79EFBC}") = "LogService", "LogService\LogService.csproj", "{8B56E9BA-745F-46A4-8816-7C3FAE60012B}"
EndProject
Project("{FAE04EC0-301F-11D3-BF4B-00C04F79EFBC}") = "LogService.Model", "LogService.Model\LogService.Model.csproj", "{CAD02ADB-8BFA-476F-BFEE-D5A4D524FD5A}"
EndProject
Global
	GlobalSection(SolutionConfigurationPlatforms) = preSolution
		Debug|Any CPU = Debug|Any CPU
		Release|Any CPU = Release|Any CPU
	EndGlobalSection
	GlobalSection(ProjectConfigurationPlatforms) = postSolution
		{8B56E9BA-745F-46A4-8816-7C3FAE60012B}.Debug|Any CPU.ActiveCfg = Debug|Any CPU
		{8B56E9BA-745F-46A4-8816-7C3FAE60012B}.Debug|Any CPU.Build.0 = Debug|Any CPU
		{8B56E9BA-745F-46A4-8816-7C3FAE60012B}.Release|Any CPU.ActiveCfg = Release|Any CPU
		{8B56E9BA-745F-46A4-8816-7C3FAE60012B}.Release|Any CPU.Build.0 = Release|Any CPU
		{CAD02ADB-8BFA-476F-BFEE-D5A4D524FD5A}.Debug|Any CPU.ActiveCfg = Debug|Any CPU
		{CAD02ADB-8BFA-476F-BFEE-D5A4D524FD5A}.Debug|Any CPU.Build.0 = Debug|Any CPU
		{CAD02ADB-8BFA-476F-BFEE-D5A4D524FD5A}.Release|Any CPU.ActiveCfg = Release|Any CPU
		{CAD02ADB-8BFA-476F-BFEE-D5A4D524FD5A}.Release|Any CPU.Build.0 = Release|Any CPU
	EndGlobalSection
	GlobalSection(SolutionProperties) = preSolution
		HideSolutionNode = FALSE
	EndGlobalSection
EndGlobal
